# Generated by pub
# See https://www.dartlang.org/tools/pub/glossary#lockfile
packages:
  masterloop_core:
    dependency: "direct main"
    description:
      path: "../core"
      relative: true
    source: path
    version: "0.0.1"
  rxdart:
    dependency: transitive
    description:
      name: rxdart
      url: "https://pub.dartlang.org"
    source: hosted
    version: "0.21.0"
sdks:
  dart: ">=2.0.0 <3.0.0"
